// !$*UTF8*$!
{
	archiveVersion = 1;
	classes = {
	};
	objectVersion = 46;
	objects = {

/* Begin PBXBuildFile section */
		352F77B21BA872910080B004 /* CustomerInfoViewController.m in Sources */ = {isa = PBXBuildFile; fileRef = 352F77B11BA872910080B004 /* CustomerInfoViewController.m */; };
		352F77B51BA872A80080B004 /* CustomerMarketRateViewController.m in Sources */ = {isa = PBXBuildFile; fileRef = 352F77B41BA872A80080B004 /* CustomerMarketRateViewController.m */; };
		352F77BA1BA8AECE0080B004 /* ProyectAnnotationView.m in Sources */ = {isa = PBXBuildFile; fileRef = 352F77B91BA8AECE0080B004 /* ProyectAnnotationView.m */; };
		352F77BC1BA8B3010080B004 /* ProyectAnnotationView.xib in Resources */ = {isa = PBXBuildFile; fileRef = 352F77BB1BA8B3010080B004 /* ProyectAnnotationView.xib */; };
		352F77C21BA8C5600080B004 /* Entity.m in Sources */ = {isa = PBXBuildFile; fileRef = 352F77C11BA8C5600080B004 /* Entity.m */; };
		352F77CB1BA8C5600080B004 /* Customer.m in Sources */ = {isa = PBXBuildFile; fileRef = 352F77CA1BA8C5600080B004 /* Customer.m */; };
		352F77D11BA8C5600080B004 /* Flat.m in Sources */ = {isa = PBXBuildFile; fileRef = 352F77D01BA8C5600080B004 /* Flat.m */; };
		352F77D41BA8C5DF0080B004 /* ProyectFeature.m in Sources */ = {isa = PBXBuildFile; fileRef = 352F77D31BA8C5DF0080B004 /* ProyectFeature.m */; };
		352F77DB1BA8C6940080B004 /* MarketRates.m in Sources */ = {isa = PBXBuildFile; fileRef = 352F77DA1BA8C6940080B004 /* MarketRates.m */; };
		352F77DE1BA8C6950080B004 /* Outside.m in Sources */ = {isa = PBXBuildFile; fileRef = 352F77DD1BA8C6950080B004 /* Outside.m */; };
		352F77E11BA8CD980080B004 /* Proyect.m in Sources */ = {isa = PBXBuildFile; fileRef = 352F77E01BA8CD980080B004 /* Proyect.m */; };
		352F77E91BA8DD1D0080B004 /* GenericService.m in Sources */ = {isa = PBXBuildFile; fileRef = 352F77E81BA8DD1D0080B004 /* GenericService.m */; };
		352FA6411BA07A3B00FEC040 /* NewCustomerViewController.m in Sources */ = {isa = PBXBuildFile; fileRef = 352FA6401BA07A3B00FEC040 /* NewCustomerViewController.m */; };
		352FA6491BA09AF900FEC040 /* NewCustomerTableViewCell.m in Sources */ = {isa = PBXBuildFile; fileRef = 352FA6481BA09AF900FEC040 /* NewCustomerTableViewCell.m */; };
		352FA64F1BA0C25700FEC040 /* UIElements.strings in Resources */ = {isa = PBXBuildFile; fileRef = 352FA64E1BA0C25700FEC040 /* UIElements.strings */; };
		352FA6881BA0CFE400FEC040 /* CustomerDetailViewController.m in Sources */ = {isa = PBXBuildFile; fileRef = 352FA6871BA0CFE400FEC040 /* CustomerDetailViewController.m */; };
		352FA68B1BA0CFF800FEC040 /* CustomerMasterViewController.m in Sources */ = {isa = PBXBuildFile; fileRef = 352FA68A1BA0CFF800FEC040 /* CustomerMasterViewController.m */; };
		352FA68E1BA0DBCD00FEC040 /* CustomerContainerViewController.m in Sources */ = {isa = PBXBuildFile; fileRef = 352FA68D1BA0DBCD00FEC040 /* CustomerContainerViewController.m */; };
		352FA6921BA0E3E000FEC040 /* FilterViewController.m in Sources */ = {isa = PBXBuildFile; fileRef = 352FA6911BA0E3E000FEC040 /* FilterViewController.m */; };
		352FA6971BA0E59E00FEC040 /* QuartzCore.framework in Frameworks */ = {isa = PBXBuildFile; fileRef = 352FA6961BA0E59E00FEC040 /* QuartzCore.framework */; };
		353335A41BA21A32006EE4FC /* NMRangeSlider.m in Sources */ = {isa = PBXBuildFile; fileRef = 353335A31BA21A32006EE4FC /* NMRangeSlider.m */; };
		353D96441B9DF8B800E4A618 /* main.m in Sources */ = {isa = PBXBuildFile; fileRef = 353D96431B9DF8B800E4A618 /* main.m */; };
		353D96471B9DF8B800E4A618 /* AppDelegate.m in Sources */ = {isa = PBXBuildFile; fileRef = 353D96461B9DF8B800E4A618 /* AppDelegate.m */; };
		353D964A1B9DF8B800E4A618 /* LARGruop.xcdatamodeld in Sources */ = {isa = PBXBuildFile; fileRef = 353D96481B9DF8B800E4A618 /* LARGruop.xcdatamodeld */; };
		353D96501B9DF8B800E4A618 /* Main.storyboard in Resources */ = {isa = PBXBuildFile; fileRef = 353D964E1B9DF8B800E4A618 /* Main.storyboard */; };
		353D96521B9DF8B900E4A618 /* Images.xcassets in Resources */ = {isa = PBXBuildFile; fileRef = 353D96511B9DF8B900E4A618 /* Images.xcassets */; };
		353D96551B9DF8B900E4A618 /* LaunchScreen.xib in Resources */ = {isa = PBXBuildFile; fileRef = 353D96531B9DF8B900E4A618 /* LaunchScreen.xib */; };
		353D96611B9DF8B900E4A618 /* LARGruopTests.m in Sources */ = {isa = PBXBuildFile; fileRef = 353D96601B9DF8B900E4A618 /* LARGruopTests.m */; };
		353D967F1B9E154A00E4A618 /* BaseViewController.m in Sources */ = {isa = PBXBuildFile; fileRef = 353D967E1B9E154A00E4A618 /* BaseViewController.m */; };
		353D96821B9E157A00E4A618 /* InitViewController.m in Sources */ = {isa = PBXBuildFile; fileRef = 353D96811B9E157A00E4A618 /* InitViewController.m */; };
		353D96871B9E1B0100E4A618 /* UIButton+ExtendedMethods.m in Sources */ = {isa = PBXBuildFile; fileRef = 353D96861B9E1B0100E4A618 /* UIButton+ExtendedMethods.m */; };
		353D968F1B9E24F900E4A618 /* LoginViewController.m in Sources */ = {isa = PBXBuildFile; fileRef = 353D968E1B9E24F900E4A618 /* LoginViewController.m */; };
		353D96921B9E2B1F00E4A618 /* UITextField+ExtendedMethods.m in Sources */ = {isa = PBXBuildFile; fileRef = 353D96911B9E2B1F00E4A618 /* UITextField+ExtendedMethods.m */; };
		353D96961B9E3AD200E4A618 /* ForgetViewController.m in Sources */ = {isa = PBXBuildFile; fileRef = 353D96951B9E3AD200E4A618 /* ForgetViewController.m */; };
		353D969E1B9E4B1500E4A618 /* HomeViewController.m in Sources */ = {isa = PBXBuildFile; fileRef = 353D969D1B9E4B1500E4A618 /* HomeViewController.m */; };
		353E64E91B9F46700004E4F2 /* MapKit.framework in Frameworks */ = {isa = PBXBuildFile; fileRef = 353E64E81B9F46700004E4F2 /* MapKit.framework */; };
		353E64F11B9F46F40004E4F2 /* ProfileViewController.m in Sources */ = {isa = PBXBuildFile; fileRef = 353E64F01B9F46F40004E4F2 /* ProfileViewController.m */; };
		353E64F61B9F4BE30004E4F2 /* ProyectsViewController.m in Sources */ = {isa = PBXBuildFile; fileRef = 353E64F51B9F4BE30004E4F2 /* ProyectsViewController.m */; };
		353E64F91B9F4C470004E4F2 /* MapViewController.m in Sources */ = {isa = PBXBuildFile; fileRef = 353E64F81B9F4C470004E4F2 /* MapViewController.m */; };
		353E64FC1B9F4FD50004E4F2 /* UIColor+ExtendedMethods.m in Sources */ = {isa = PBXBuildFile; fileRef = 353E64FB1B9F4FD50004E4F2 /* UIColor+ExtendedMethods.m */; };
		353E65011B9F6BB70004E4F2 /* ProyectCollectionViewCell.m in Sources */ = {isa = PBXBuildFile; fileRef = 353E65001B9F6BB70004E4F2 /* ProyectCollectionViewCell.m */; };
		353E65051B9F729F0004E4F2 /* TopBarViewController.m in Sources */ = {isa = PBXBuildFile; fileRef = 353E65041B9F729F0004E4F2 /* TopBarViewController.m */; };
		763EF9731BA91688003D1E4F /* GenericConnectionManager.m in Sources */ = {isa = PBXBuildFile; fileRef = 763EF9721BA91688003D1E4F /* GenericConnectionManager.m */; };
		763EF97C1BA93151003D1E4F /* ServiceClient.m in Sources */ = {isa = PBXBuildFile; fileRef = 763EF97B1BA93151003D1E4F /* ServiceClient.m */; };
		763EF9801BA9344B003D1E4F /* LoginService.m in Sources */ = {isa = PBXBuildFile; fileRef = 763EF97F1BA9344B003D1E4F /* LoginService.m */; };
		763EF98A1BA9384E003D1E4F /* KeychainItemWrapper.m in Sources */ = {isa = PBXBuildFile; fileRef = 763EF9891BA9384E003D1E4F /* KeychainItemWrapper.m */; };
		763EF98D1BA93933003D1E4F /* LoginConnectionManager.m in Sources */ = {isa = PBXBuildFile; fileRef = 763EF98C1BA93933003D1E4F /* LoginConnectionManager.m */; };
		763EF9911BA93C29003D1E4F /* LoginTranslator.m in Sources */ = {isa = PBXBuildFile; fileRef = 763EF9901BA93C29003D1E4F /* LoginTranslator.m */; };
		763EF9941BA93CE7003D1E4F /* User.m in Sources */ = {isa = PBXBuildFile; fileRef = 763EF9931BA93CE7003D1E4F /* User.m */; };
		AB454D0776761BFCF8BD2AF7 /* libPods-LARGruop.a in Frameworks */ = {isa = PBXBuildFile; fileRef = 05A7C4E77596FE6656D2AE0F /* libPods-LARGruop.a */; };
/* End PBXBuildFile section */

/* Begin PBXContainerItemProxy section */
		353D965B1B9DF8B900E4A618 /* PBXContainerItemProxy */ = {
			isa = PBXContainerItemProxy;
			containerPortal = 353D96361B9DF8B800E4A618 /* Project object */;
			proxyType = 1;
			remoteGlobalIDString = 353D963D1B9DF8B800E4A618;
			remoteInfo = LARGruop;
		};
/* End PBXContainerItemProxy section */

/* Begin PBXFileReference section */
		05A7C4E77596FE6656D2AE0F /* libPods-LARGruop.a */ = {isa = PBXFileReference; explicitFileType = archive.ar; includeInIndex = 0; path = "libPods-LARGruop.a"; sourceTree = BUILT_PRODUCTS_DIR; };
		352F77B01BA872910080B004 /* CustomerInfoViewController.h */ = {isa = PBXFileReference; fileEncoding = 4; lastKnownFileType = sourcecode.c.h; path = CustomerInfoViewController.h; sourceTree = "<group>"; };
		352F77B11BA872910080B004 /* CustomerInfoViewController.m */ = {isa = PBXFileReference; fileEncoding = 4; lastKnownFileType = sourcecode.c.objc; path = CustomerInfoViewController.m; sourceTree = "<group>"; };
		352F77B31BA872A80080B004 /* CustomerMarketRateViewController.h */ = {isa = PBXFileReference; fileEncoding = 4; lastKnownFileType = sourcecode.c.h; path = CustomerMarketRateViewController.h; sourceTree = "<group>"; };
		352F77B41BA872A80080B004 /* CustomerMarketRateViewController.m */ = {isa = PBXFileReference; fileEncoding = 4; lastKnownFileType = sourcecode.c.objc; path = CustomerMarketRateViewController.m; sourceTree = "<group>"; };
		352F77B81BA8AECE0080B004 /* ProyectAnnotationView.h */ = {isa = PBXFileReference; fileEncoding = 4; lastKnownFileType = sourcecode.c.h; path = ProyectAnnotationView.h; sourceTree = "<group>"; };
		352F77B91BA8AECE0080B004 /* ProyectAnnotationView.m */ = {isa = PBXFileReference; fileEncoding = 4; lastKnownFileType = sourcecode.c.objc; path = ProyectAnnotationView.m; sourceTree = "<group>"; };
		352F77BB1BA8B3010080B004 /* ProyectAnnotationView.xib */ = {isa = PBXFileReference; fileEncoding = 4; lastKnownFileType = file.xib; path = ProyectAnnotationView.xib; sourceTree = "<group>"; };
		352F77C01BA8C5600080B004 /* Entity.h */ = {isa = PBXFileReference; fileEncoding = 4; lastKnownFileType = sourcecode.c.h; path = Entity.h; sourceTree = "<group>"; };
		352F77C11BA8C5600080B004 /* Entity.m */ = {isa = PBXFileReference; fileEncoding = 4; lastKnownFileType = sourcecode.c.objc; path = Entity.m; sourceTree = "<group>"; };
		352F77C91BA8C5600080B004 /* Customer.h */ = {isa = PBXFileReference; fileEncoding = 4; lastKnownFileType = sourcecode.c.h; path = Customer.h; sourceTree = "<group>"; };
		352F77CA1BA8C5600080B004 /* Customer.m */ = {isa = PBXFileReference; fileEncoding = 4; lastKnownFileType = sourcecode.c.objc; path = Customer.m; sourceTree = "<group>"; };
		352F77CF1BA8C5600080B004 /* Flat.h */ = {isa = PBXFileReference; fileEncoding = 4; lastKnownFileType = sourcecode.c.h; path = Flat.h; sourceTree = "<group>"; };
		352F77D01BA8C5600080B004 /* Flat.m */ = {isa = PBXFileReference; fileEncoding = 4; lastKnownFileType = sourcecode.c.objc; path = Flat.m; sourceTree = "<group>"; };
		352F77D21BA8C5DF0080B004 /* ProyectFeature.h */ = {isa = PBXFileReference; fileEncoding = 4; lastKnownFileType = sourcecode.c.h; path = ProyectFeature.h; sourceTree = "<group>"; };
		352F77D31BA8C5DF0080B004 /* ProyectFeature.m */ = {isa = PBXFileReference; fileEncoding = 4; lastKnownFileType = sourcecode.c.objc; path = ProyectFeature.m; sourceTree = "<group>"; };
		352F77D81BA8C6100080B004 /* Entities.h */ = {isa = PBXFileReference; lastKnownFileType = sourcecode.c.h; path = Entities.h; sourceTree = "<group>"; };
		352F77D91BA8C6940080B004 /* MarketRates.h */ = {isa = PBXFileReference; fileEncoding = 4; lastKnownFileType = sourcecode.c.h; path = MarketRates.h; sourceTree = "<group>"; };
		352F77DA1BA8C6940080B004 /* MarketRates.m */ = {isa = PBXFileReference; fileEncoding = 4; lastKnownFileType = sourcecode.c.objc; path = MarketRates.m; sourceTree = "<group>"; };
		352F77DC1BA8C6950080B004 /* Outside.h */ = {isa = PBXFileReference; fileEncoding = 4; lastKnownFileType = sourcecode.c.h; path = Outside.h; sourceTree = "<group>"; };
		352F77DD1BA8C6950080B004 /* Outside.m */ = {isa = PBXFileReference; fileEncoding = 4; lastKnownFileType = sourcecode.c.objc; path = Outside.m; sourceTree = "<group>"; };
		352F77DF1BA8CD980080B004 /* Proyect.h */ = {isa = PBXFileReference; fileEncoding = 4; lastKnownFileType = sourcecode.c.h; name = Proyect.h; path = ../Proyect.h; sourceTree = "<group>"; };
		352F77E01BA8CD980080B004 /* Proyect.m */ = {isa = PBXFileReference; fileEncoding = 4; lastKnownFileType = sourcecode.c.objc; name = Proyect.m; path = ../Proyect.m; sourceTree = "<group>"; };
		352F77E71BA8DD1D0080B004 /* GenericService.h */ = {isa = PBXFileReference; fileEncoding = 4; lastKnownFileType = sourcecode.c.h; path = GenericService.h; sourceTree = "<group>"; };
		352F77E81BA8DD1D0080B004 /* GenericService.m */ = {isa = PBXFileReference; fileEncoding = 4; lastKnownFileType = sourcecode.c.objc; path = GenericService.m; sourceTree = "<group>"; };
		352FA63F1BA07A3B00FEC040 /* NewCustomerViewController.h */ = {isa = PBXFileReference; fileEncoding = 4; lastKnownFileType = sourcecode.c.h; path = NewCustomerViewController.h; sourceTree = "<group>"; };
		352FA6401BA07A3B00FEC040 /* NewCustomerViewController.m */ = {isa = PBXFileReference; fileEncoding = 4; lastKnownFileType = sourcecode.c.objc; path = NewCustomerViewController.m; sourceTree = "<group>"; };
		352FA6471BA09AF900FEC040 /* NewCustomerTableViewCell.h */ = {isa = PBXFileReference; fileEncoding = 4; lastKnownFileType = sourcecode.c.h; path = NewCustomerTableViewCell.h; sourceTree = "<group>"; };
		352FA6481BA09AF900FEC040 /* NewCustomerTableViewCell.m */ = {isa = PBXFileReference; fileEncoding = 4; lastKnownFileType = sourcecode.c.objc; path = NewCustomerTableViewCell.m; sourceTree = "<group>"; };
		352FA64A1BA0C20B00FEC040 /* ApplicationConstants.h */ = {isa = PBXFileReference; lastKnownFileType = sourcecode.c.h; path = ApplicationConstants.h; sourceTree = "<group>"; };
		352FA64B1BA0C21D00FEC040 /* NotificationConstants.h */ = {isa = PBXFileReference; lastKnownFileType = sourcecode.c.h; path = NotificationConstants.h; sourceTree = "<group>"; };
		352FA64C1BA0C22A00FEC040 /* ErrorConstants.h */ = {isa = PBXFileReference; lastKnownFileType = sourcecode.c.h; path = ErrorConstants.h; sourceTree = "<group>"; };
		352FA64E1BA0C25700FEC040 /* UIElements.strings */ = {isa = PBXFileReference; fileEncoding = 4; lastKnownFileType = text.plist.strings; path = UIElements.strings; sourceTree = "<group>"; };
		352FA6861BA0CFE400FEC040 /* CustomerDetailViewController.h */ = {isa = PBXFileReference; fileEncoding = 4; lastKnownFileType = sourcecode.c.h; path = CustomerDetailViewController.h; sourceTree = "<group>"; };
		352FA6871BA0CFE400FEC040 /* CustomerDetailViewController.m */ = {isa = PBXFileReference; fileEncoding = 4; lastKnownFileType = sourcecode.c.objc; path = CustomerDetailViewController.m; sourceTree = "<group>"; };
		352FA6891BA0CFF800FEC040 /* CustomerMasterViewController.h */ = {isa = PBXFileReference; fileEncoding = 4; lastKnownFileType = sourcecode.c.h; path = CustomerMasterViewController.h; sourceTree = "<group>"; };
		352FA68A1BA0CFF800FEC040 /* CustomerMasterViewController.m */ = {isa = PBXFileReference; fileEncoding = 4; lastKnownFileType = sourcecode.c.objc; path = CustomerMasterViewController.m; sourceTree = "<group>"; };
		352FA68C1BA0DBCD00FEC040 /* CustomerContainerViewController.h */ = {isa = PBXFileReference; fileEncoding = 4; lastKnownFileType = sourcecode.c.h; path = CustomerContainerViewController.h; sourceTree = "<group>"; };
		352FA68D1BA0DBCD00FEC040 /* CustomerContainerViewController.m */ = {isa = PBXFileReference; fileEncoding = 4; lastKnownFileType = sourcecode.c.objc; path = CustomerContainerViewController.m; sourceTree = "<group>"; };
		352FA6901BA0E3E000FEC040 /* FilterViewController.h */ = {isa = PBXFileReference; fileEncoding = 4; lastKnownFileType = sourcecode.c.h; path = FilterViewController.h; sourceTree = "<group>"; };
		352FA6911BA0E3E000FEC040 /* FilterViewController.m */ = {isa = PBXFileReference; fileEncoding = 4; lastKnownFileType = sourcecode.c.objc; path = FilterViewController.m; sourceTree = "<group>"; };
		352FA6961BA0E59E00FEC040 /* QuartzCore.framework */ = {isa = PBXFileReference; lastKnownFileType = wrapper.framework; name = QuartzCore.framework; path = System/Library/Frameworks/QuartzCore.framework; sourceTree = SDKROOT; };
		353335A21BA21A32006EE4FC /* NMRangeSlider.h */ = {isa = PBXFileReference; fileEncoding = 4; lastKnownFileType = sourcecode.c.h; path = NMRangeSlider.h; sourceTree = "<group>"; };
		353335A31BA21A32006EE4FC /* NMRangeSlider.m */ = {isa = PBXFileReference; fileEncoding = 4; lastKnownFileType = sourcecode.c.objc; path = NMRangeSlider.m; sourceTree = "<group>"; };
		353D963E1B9DF8B800E4A618 /* LARGruop.app */ = {isa = PBXFileReference; explicitFileType = wrapper.application; includeInIndex = 0; path = LARGruop.app; sourceTree = BUILT_PRODUCTS_DIR; };
		353D96421B9DF8B800E4A618 /* Info.plist */ = {isa = PBXFileReference; lastKnownFileType = text.plist.xml; path = Info.plist; sourceTree = "<group>"; };
		353D96431B9DF8B800E4A618 /* main.m */ = {isa = PBXFileReference; lastKnownFileType = sourcecode.c.objc; path = main.m; sourceTree = "<group>"; };
		353D96451B9DF8B800E4A618 /* AppDelegate.h */ = {isa = PBXFileReference; lastKnownFileType = sourcecode.c.h; path = AppDelegate.h; sourceTree = "<group>"; };
		353D96461B9DF8B800E4A618 /* AppDelegate.m */ = {isa = PBXFileReference; lastKnownFileType = sourcecode.c.objc; path = AppDelegate.m; sourceTree = "<group>"; };
		353D96491B9DF8B800E4A618 /* LARGruop.xcdatamodel */ = {isa = PBXFileReference; lastKnownFileType = wrapper.xcdatamodel; path = LARGruop.xcdatamodel; sourceTree = "<group>"; };
		353D964F1B9DF8B800E4A618 /* Base */ = {isa = PBXFileReference; lastKnownFileType = file.storyboard; name = Base; path = Base.lproj/Main.storyboard; sourceTree = "<group>"; };
		353D96511B9DF8B900E4A618 /* Images.xcassets */ = {isa = PBXFileReference; lastKnownFileType = folder.assetcatalog; path = Images.xcassets; sourceTree = "<group>"; };
		353D96541B9DF8B900E4A618 /* Base */ = {isa = PBXFileReference; lastKnownFileType = file.xib; name = Base; path = Base.lproj/LaunchScreen.xib; sourceTree = "<group>"; };
		353D965A1B9DF8B900E4A618 /* LARGruopTests.xctest */ = {isa = PBXFileReference; explicitFileType = wrapper.cfbundle; includeInIndex = 0; path = LARGruopTests.xctest; sourceTree = BUILT_PRODUCTS_DIR; };
		353D965F1B9DF8B900E4A618 /* Info.plist */ = {isa = PBXFileReference; lastKnownFileType = text.plist.xml; path = Info.plist; sourceTree = "<group>"; };
		353D96601B9DF8B900E4A618 /* LARGruopTests.m */ = {isa = PBXFileReference; lastKnownFileType = sourcecode.c.objc; path = LARGruopTests.m; sourceTree = "<group>"; };
		353D967D1B9E154A00E4A618 /* BaseViewController.h */ = {isa = PBXFileReference; fileEncoding = 4; lastKnownFileType = sourcecode.c.h; path = BaseViewController.h; sourceTree = "<group>"; };
		353D967E1B9E154A00E4A618 /* BaseViewController.m */ = {isa = PBXFileReference; fileEncoding = 4; lastKnownFileType = sourcecode.c.objc; path = BaseViewController.m; sourceTree = "<group>"; };
		353D96801B9E157A00E4A618 /* InitViewController.h */ = {isa = PBXFileReference; fileEncoding = 4; lastKnownFileType = sourcecode.c.h; path = InitViewController.h; sourceTree = "<group>"; };
		353D96811B9E157A00E4A618 /* InitViewController.m */ = {isa = PBXFileReference; fileEncoding = 4; lastKnownFileType = sourcecode.c.objc; path = InitViewController.m; sourceTree = "<group>"; };
		353D96851B9E1B0100E4A618 /* UIButton+ExtendedMethods.h */ = {isa = PBXFileReference; fileEncoding = 4; lastKnownFileType = sourcecode.c.h; path = "UIButton+ExtendedMethods.h"; sourceTree = "<group>"; };
		353D96861B9E1B0100E4A618 /* UIButton+ExtendedMethods.m */ = {isa = PBXFileReference; fileEncoding = 4; lastKnownFileType = sourcecode.c.objc; path = "UIButton+ExtendedMethods.m"; sourceTree = "<group>"; };
		353D96881B9E1C1300E4A618 /* ExtendedCategories.h */ = {isa = PBXFileReference; lastKnownFileType = sourcecode.c.h; path = ExtendedCategories.h; sourceTree = "<group>"; };
		353D968A1B9E1C2D00E4A618 /* UIExtendedCategories.h */ = {isa = PBXFileReference; lastKnownFileType = sourcecode.c.h; path = UIExtendedCategories.h; sourceTree = "<group>"; };
		353D968B1B9E1CED00E4A618 /* Prefix.pch */ = {isa = PBXFileReference; lastKnownFileType = sourcecode.c.h; path = Prefix.pch; sourceTree = "<group>"; };
		353D968D1B9E24F800E4A618 /* LoginViewController.h */ = {isa = PBXFileReference; fileEncoding = 4; lastKnownFileType = sourcecode.c.h; path = LoginViewController.h; sourceTree = "<group>"; };
		353D968E1B9E24F900E4A618 /* LoginViewController.m */ = {isa = PBXFileReference; fileEncoding = 4; lastKnownFileType = sourcecode.c.objc; path = LoginViewController.m; sourceTree = "<group>"; };
		353D96901B9E2B1F00E4A618 /* UITextField+ExtendedMethods.h */ = {isa = PBXFileReference; fileEncoding = 4; lastKnownFileType = sourcecode.c.h; path = "UITextField+ExtendedMethods.h"; sourceTree = "<group>"; };
		353D96911B9E2B1F00E4A618 /* UITextField+ExtendedMethods.m */ = {isa = PBXFileReference; fileEncoding = 4; lastKnownFileType = sourcecode.c.objc; path = "UITextField+ExtendedMethods.m"; sourceTree = "<group>"; };
		353D96941B9E3AD200E4A618 /* ForgetViewController.h */ = {isa = PBXFileReference; fileEncoding = 4; lastKnownFileType = sourcecode.c.h; path = ForgetViewController.h; sourceTree = "<group>"; };
		353D96951B9E3AD200E4A618 /* ForgetViewController.m */ = {isa = PBXFileReference; fileEncoding = 4; lastKnownFileType = sourcecode.c.objc; path = ForgetViewController.m; sourceTree = "<group>"; };
		353D969C1B9E4B1500E4A618 /* HomeViewController.h */ = {isa = PBXFileReference; fileEncoding = 4; lastKnownFileType = sourcecode.c.h; path = HomeViewController.h; sourceTree = "<group>"; };
		353D969D1B9E4B1500E4A618 /* HomeViewController.m */ = {isa = PBXFileReference; fileEncoding = 4; lastKnownFileType = sourcecode.c.objc; path = HomeViewController.m; sourceTree = "<group>"; };
		353E64E81B9F46700004E4F2 /* MapKit.framework */ = {isa = PBXFileReference; lastKnownFileType = wrapper.framework; name = MapKit.framework; path = System/Library/Frameworks/MapKit.framework; sourceTree = SDKROOT; };
		353E64EF1B9F46F40004E4F2 /* ProfileViewController.h */ = {isa = PBXFileReference; fileEncoding = 4; lastKnownFileType = sourcecode.c.h; path = ProfileViewController.h; sourceTree = "<group>"; };
		353E64F01B9F46F40004E4F2 /* ProfileViewController.m */ = {isa = PBXFileReference; fileEncoding = 4; lastKnownFileType = sourcecode.c.objc; path = ProfileViewController.m; sourceTree = "<group>"; };
		353E64F41B9F4BE30004E4F2 /* ProyectsViewController.h */ = {isa = PBXFileReference; fileEncoding = 4; lastKnownFileType = sourcecode.c.h; path = ProyectsViewController.h; sourceTree = "<group>"; };
		353E64F51B9F4BE30004E4F2 /* ProyectsViewController.m */ = {isa = PBXFileReference; fileEncoding = 4; lastKnownFileType = sourcecode.c.objc; path = ProyectsViewController.m; sourceTree = "<group>"; };
		353E64F71B9F4C470004E4F2 /* MapViewController.h */ = {isa = PBXFileReference; fileEncoding = 4; lastKnownFileType = sourcecode.c.h; path = MapViewController.h; sourceTree = "<group>"; };
		353E64F81B9F4C470004E4F2 /* MapViewController.m */ = {isa = PBXFileReference; fileEncoding = 4; lastKnownFileType = sourcecode.c.objc; path = MapViewController.m; sourceTree = "<group>"; };
		353E64FA1B9F4FD50004E4F2 /* UIColor+ExtendedMethods.h */ = {isa = PBXFileReference; fileEncoding = 4; lastKnownFileType = sourcecode.c.h; path = "UIColor+ExtendedMethods.h"; sourceTree = "<group>"; };
		353E64FB1B9F4FD50004E4F2 /* UIColor+ExtendedMethods.m */ = {isa = PBXFileReference; fileEncoding = 4; lastKnownFileType = sourcecode.c.objc; path = "UIColor+ExtendedMethods.m"; sourceTree = "<group>"; };
		353E64FF1B9F6BB70004E4F2 /* ProyectCollectionViewCell.h */ = {isa = PBXFileReference; fileEncoding = 4; lastKnownFileType = sourcecode.c.h; path = ProyectCollectionViewCell.h; sourceTree = "<group>"; };
		353E65001B9F6BB70004E4F2 /* ProyectCollectionViewCell.m */ = {isa = PBXFileReference; fileEncoding = 4; lastKnownFileType = sourcecode.c.objc; path = ProyectCollectionViewCell.m; sourceTree = "<group>"; };
		353E65031B9F729F0004E4F2 /* TopBarViewController.h */ = {isa = PBXFileReference; fileEncoding = 4; lastKnownFileType = sourcecode.c.h; path = TopBarViewController.h; sourceTree = "<group>"; };
		353E65041B9F729F0004E4F2 /* TopBarViewController.m */ = {isa = PBXFileReference; fileEncoding = 4; lastKnownFileType = sourcecode.c.objc; path = TopBarViewController.m; sourceTree = "<group>"; };
		353E65071B9F76BD0004E4F2 /* TopBarProtocol.h */ = {isa = PBXFileReference; lastKnownFileType = sourcecode.c.h; path = TopBarProtocol.h; sourceTree = "<group>"; };
		763EF9711BA91688003D1E4F /* GenericConnectionManager.h */ = {isa = PBXFileReference; fileEncoding = 4; lastKnownFileType = sourcecode.c.h; path = GenericConnectionManager.h; sourceTree = "<group>"; };
		763EF9721BA91688003D1E4F /* GenericConnectionManager.m */ = {isa = PBXFileReference; fileEncoding = 4; lastKnownFileType = sourcecode.c.objc; path = GenericConnectionManager.m; sourceTree = "<group>"; };
		763EF97A1BA93151003D1E4F /* ServiceClient.h */ = {isa = PBXFileReference; fileEncoding = 4; lastKnownFileType = sourcecode.c.h; path = ServiceClient.h; sourceTree = "<group>"; };
		763EF97B1BA93151003D1E4F /* ServiceClient.m */ = {isa = PBXFileReference; fileEncoding = 4; lastKnownFileType = sourcecode.c.objc; path = ServiceClient.m; sourceTree = "<group>"; };
		763EF97E1BA9344B003D1E4F /* LoginService.h */ = {isa = PBXFileReference; fileEncoding = 4; lastKnownFileType = sourcecode.c.h; path = LoginService.h; sourceTree = "<group>"; };
		763EF97F1BA9344B003D1E4F /* LoginService.m */ = {isa = PBXFileReference; fileEncoding = 4; lastKnownFileType = sourcecode.c.objc; path = LoginService.m; sourceTree = "<group>"; };
		763EF9881BA9384E003D1E4F /* KeychainItemWrapper.h */ = {isa = PBXFileReference; fileEncoding = 4; lastKnownFileType = sourcecode.c.h; path = KeychainItemWrapper.h; sourceTree = "<group>"; };
		763EF9891BA9384E003D1E4F /* KeychainItemWrapper.m */ = {isa = PBXFileReference; fileEncoding = 4; lastKnownFileType = sourcecode.c.objc; path = KeychainItemWrapper.m; sourceTree = "<group>"; };
		763EF98B1BA93933003D1E4F /* LoginConnectionManager.h */ = {isa = PBXFileReference; fileEncoding = 4; lastKnownFileType = sourcecode.c.h; path = LoginConnectionManager.h; sourceTree = "<group>"; };
		763EF98C1BA93933003D1E4F /* LoginConnectionManager.m */ = {isa = PBXFileReference; fileEncoding = 4; lastKnownFileType = sourcecode.c.objc; path = LoginConnectionManager.m; sourceTree = "<group>"; };
		763EF98F1BA93C29003D1E4F /* LoginTranslator.h */ = {isa = PBXFileReference; fileEncoding = 4; lastKnownFileType = sourcecode.c.h; path = LoginTranslator.h; sourceTree = "<group>"; };
		763EF9901BA93C29003D1E4F /* LoginTranslator.m */ = {isa = PBXFileReference; fileEncoding = 4; lastKnownFileType = sourcecode.c.objc; path = LoginTranslator.m; sourceTree = "<group>"; };
		763EF9921BA93CE7003D1E4F /* User.h */ = {isa = PBXFileReference; fileEncoding = 4; lastKnownFileType = sourcecode.c.h; name = User.h; path = ../User.h; sourceTree = "<group>"; };
		763EF9931BA93CE7003D1E4F /* User.m */ = {isa = PBXFileReference; fileEncoding = 4; lastKnownFileType = sourcecode.c.objc; name = User.m; path = ../User.m; sourceTree = "<group>"; };
		CD31549C272CA3C4F1194907 /* Pods-LARGruop.release.xcconfig */ = {isa = PBXFileReference; includeInIndex = 1; lastKnownFileType = text.xcconfig; name = "Pods-LARGruop.release.xcconfig"; path = "Pods/Target Support Files/Pods-LARGruop/Pods-LARGruop.release.xcconfig"; sourceTree = "<group>"; };
		CF64EA82B3B8C40FB8298D3F /* Pods-LARGruop.debug.xcconfig */ = {isa = PBXFileReference; includeInIndex = 1; lastKnownFileType = text.xcconfig; name = "Pods-LARGruop.debug.xcconfig"; path = "Pods/Target Support Files/Pods-LARGruop/Pods-LARGruop.debug.xcconfig"; sourceTree = "<group>"; };
/* End PBXFileReference section */

/* Begin PBXFrameworksBuildPhase section */
		353D963B1B9DF8B800E4A618 /* Frameworks */ = {
			isa = PBXFrameworksBuildPhase;
			buildActionMask = 2147483647;
			files = (
				352FA6971BA0E59E00FEC040 /* QuartzCore.framework in Frameworks */,
				353E64E91B9F46700004E4F2 /* MapKit.framework in Frameworks */,
				AB454D0776761BFCF8BD2AF7 /* libPods-LARGruop.a in Frameworks */,
			);
			runOnlyForDeploymentPostprocessing = 0;
		};
		353D96571B9DF8B900E4A618 /* Frameworks */ = {
			isa = PBXFrameworksBuildPhase;
			buildActionMask = 2147483647;
			files = (
			);
			runOnlyForDeploymentPostprocessing = 0;
		};
/* End PBXFrameworksBuildPhase section */

/* Begin PBXGroup section */
		25A26FE6703C90C65DD1BCEC /* Pods */ = {
			isa = PBXGroup;
			children = (
				CF64EA82B3B8C40FB8298D3F /* Pods-LARGruop.debug.xcconfig */,
				CD31549C272CA3C4F1194907 /* Pods-LARGruop.release.xcconfig */,
			);
			name = Pods;
			sourceTree = "<group>";
		};
		352F77AE1BA872200080B004 /* Customer Info */ = {
			isa = PBXGroup;
			children = (
				352F77B01BA872910080B004 /* CustomerInfoViewController.h */,
				352F77B11BA872910080B004 /* CustomerInfoViewController.m */,
			);
			name = "Customer Info";
			sourceTree = "<group>";
		};
		352F77AF1BA8722A0080B004 /* Customer Market Rate */ = {
			isa = PBXGroup;
			children = (
				352F77B31BA872A80080B004 /* CustomerMarketRateViewController.h */,
				352F77B41BA872A80080B004 /* CustomerMarketRateViewController.m */,
			);
			name = "Customer Market Rate";
			sourceTree = "<group>";
		};
		352F77B71BA8ADFC0080B004 /* MKAnnotation */ = {
			isa = PBXGroup;
			children = (
				352F77B81BA8AECE0080B004 /* ProyectAnnotationView.h */,
				352F77B91BA8AECE0080B004 /* ProyectAnnotationView.m */,
				352F77BB1BA8B3010080B004 /* ProyectAnnotationView.xib */,
			);
			name = MKAnnotation;
			sourceTree = "<group>";
		};
		352F77E21BA8DC130080B004 /* Services */ = {
			isa = PBXGroup;
			children = (
				352F77E71BA8DD1D0080B004 /* GenericService.h */,
				352F77E81BA8DD1D0080B004 /* GenericService.m */,
				763EF97E1BA9344B003D1E4F /* LoginService.h */,
				763EF97F1BA9344B003D1E4F /* LoginService.m */,
			);
			name = Services;
			sourceTree = "<group>";
		};
		352F77E41BA8DCBF0080B004 /* Web Connection */ = {
			isa = PBXGroup;
			children = (
				763EF98E1BA93C01003D1E4F /* Translators */,
				352F77E51BA8DCDC0080B004 /* Connection Managers */,
				763EF97D1BA9315E003D1E4F /* Client */,
			);
			name = "Web Connection";
			sourceTree = "<group>";
		};
		352F77E51BA8DCDC0080B004 /* Connection Managers */ = {
			isa = PBXGroup;
			children = (
				763EF9711BA91688003D1E4F /* GenericConnectionManager.h */,
				763EF9721BA91688003D1E4F /* GenericConnectionManager.m */,
				763EF98B1BA93933003D1E4F /* LoginConnectionManager.h */,
				763EF98C1BA93933003D1E4F /* LoginConnectionManager.m */,
			);
			name = "Connection Managers";
			sourceTree = "<group>";
		};
		352FA63D1BA07A1900FEC040 /* Modals */ = {
			isa = PBXGroup;
			children = (
				352FA63E1BA07A2300FEC040 /* Add Customer */,
			);
			name = Modals;
			sourceTree = "<group>";
		};
		352FA63E1BA07A2300FEC040 /* Add Customer */ = {
			isa = PBXGroup;
			children = (
				352FA63F1BA07A3B00FEC040 /* NewCustomerViewController.h */,
				352FA6401BA07A3B00FEC040 /* NewCustomerViewController.m */,
			);
			name = "Add Customer";
			sourceTree = "<group>";
		};
		352FA6421BA093B000FEC040 /* New Customer Cell */ = {
			isa = PBXGroup;
			children = (
				352FA6471BA09AF900FEC040 /* NewCustomerTableViewCell.h */,
				352FA6481BA09AF900FEC040 /* NewCustomerTableViewCell.m */,
			);
			name = "New Customer Cell";
			sourceTree = "<group>";
		};
		352FA6461BA093EC00FEC040 /* Table View Cells */ = {
			isa = PBXGroup;
			children = (
				352FA6421BA093B000FEC040 /* New Customer Cell */,
			);
			name = "Table View Cells";
			sourceTree = "<group>";
		};
		352FA64D1BA0C24000FEC040 /* Strings */ = {
			isa = PBXGroup;
			children = (
				352FA64E1BA0C25700FEC040 /* UIElements.strings */,
			);
			name = Strings;
			sourceTree = "<group>";
		};
		352FA68F1BA0E3CF00FEC040 /* Filter */ = {
			isa = PBXGroup;
			children = (
				352FA6901BA0E3E000FEC040 /* FilterViewController.h */,
				352FA6911BA0E3E000FEC040 /* FilterViewController.m */,
			);
			name = Filter;
			sourceTree = "<group>";
		};
		353335A01BA219B4006EE4FC /* Libraries */ = {
			isa = PBXGroup;
			children = (
				763EF9871BA937F2003D1E4F /* Keychain */,
				353335A11BA21A0E006EE4FC /* NMRange Slider */,
			);
			name = Libraries;
			sourceTree = "<group>";
		};
		353335A11BA21A0E006EE4FC /* NMRange Slider */ = {
			isa = PBXGroup;
			children = (
				353335A21BA21A32006EE4FC /* NMRangeSlider.h */,
				353335A31BA21A32006EE4FC /* NMRangeSlider.m */,
			);
			name = "NMRange Slider";
			sourceTree = "<group>";
		};
		353D96351B9DF8B800E4A618 = {
			isa = PBXGroup;
			children = (
				353D96401B9DF8B800E4A618 /* LARGruop */,
				353D965D1B9DF8B900E4A618 /* LARGruopTests */,
				353D963F1B9DF8B800E4A618 /* Products */,
				25A26FE6703C90C65DD1BCEC /* Pods */,
				3851064E127162C714D9F4AA /* Frameworks */,
			);
			sourceTree = "<group>";
		};
		353D963F1B9DF8B800E4A618 /* Products */ = {
			isa = PBXGroup;
			children = (
				353D963E1B9DF8B800E4A618 /* LARGruop.app */,
				353D965A1B9DF8B900E4A618 /* LARGruopTests.xctest */,
			);
			name = Products;
			sourceTree = "<group>";
		};
		353D96401B9DF8B800E4A618 /* LARGruop */ = {
			isa = PBXGroup;
			children = (
				353D96771B9DFCC000E4A618 /* Infraestructure */,
				353D96721B9DFC3D00E4A618 /* App Core */,
				353D96711B9DFC2D00E4A618 /* App Delegate */,
				353D966C1B9DFBF100E4A618 /* User Interface */,
				353D966A1B9DFBDE00E4A618 /* Resources */,
				353D96411B9DF8B800E4A618 /* Supporting Files */,
			);
			path = LARGruop;
			sourceTree = "<group>";
		};
		353D96411B9DF8B800E4A618 /* Supporting Files */ = {
			isa = PBXGroup;
			children = (
				353D96421B9DF8B800E4A618 /* Info.plist */,
				353D96431B9DF8B800E4A618 /* main.m */,
				353D968B1B9E1CED00E4A618 /* Prefix.pch */,
			);
			name = "Supporting Files";
			sourceTree = "<group>";
		};
		353D965D1B9DF8B900E4A618 /* LARGruopTests */ = {
			isa = PBXGroup;
			children = (
				353D96601B9DF8B900E4A618 /* LARGruopTests.m */,
				353D965E1B9DF8B900E4A618 /* Supporting Files */,
			);
			path = LARGruopTests;
			sourceTree = "<group>";
		};
		353D965E1B9DF8B900E4A618 /* Supporting Files */ = {
			isa = PBXGroup;
			children = (
				353D965F1B9DF8B900E4A618 /* Info.plist */,
			);
			name = "Supporting Files";
			sourceTree = "<group>";
		};
		353D966A1B9DFBDE00E4A618 /* Resources */ = {
			isa = PBXGroup;
			children = (
				352FA64D1BA0C24000FEC040 /* Strings */,
				353D96511B9DF8B900E4A618 /* Images.xcassets */,
			);
			name = Resources;
			sourceTree = "<group>";
		};
		353D966B1B9DFBE700E4A618 /* Protocols */ = {
			isa = PBXGroup;
			children = (
				353E65071B9F76BD0004E4F2 /* TopBarProtocol.h */,
			);
			name = Protocols;
			sourceTree = "<group>";
		};
		353D966C1B9DFBF100E4A618 /* User Interface */ = {
			isa = PBXGroup;
			children = (
				353D966B1B9DFBE700E4A618 /* Protocols */,
				353D96971B9E411C00E4A618 /* Segues */,
				353D96701B9DFC1000E4A618 /* Launchers */,
				353D966F1B9DFC0900E4A618 /* Storyboards */,
				353D966E1B9DFC0400E4A618 /* Views */,
				353D966D1B9DFBFD00E4A618 /* Controllers */,
			);
			name = "User Interface";
			sourceTree = "<group>";
		};
		353D966D1B9DFBFD00E4A618 /* Controllers */ = {
			isa = PBXGroup;
			children = (
				352FA68F1BA0E3CF00FEC040 /* Filter */,
				352FA63D1BA07A1900FEC040 /* Modals */,
				353E65021B9F727A0004E4F2 /* Top Bar */,
				353E64EE1B9F46CB0004E4F2 /* Profile */,
				353E64EA1B9F46A60004E4F2 /* Customers */,
				353D969B1B9E4A7000E4A618 /* Home */,
				353D96931B9E3ABF00E4A618 /* Forget */,
				353D968C1B9E24E800E4A618 /* Login */,
				353D967C1B9E153000E4A618 /* Base */,
				353D967B1B9E152400E4A618 /* Init */,
			);
			name = Controllers;
			sourceTree = "<group>";
		};
		353D966E1B9DFC0400E4A618 /* Views */ = {
			isa = PBXGroup;
			children = (
				352F77B71BA8ADFC0080B004 /* MKAnnotation */,
				352FA6461BA093EC00FEC040 /* Table View Cells */,
				353E64FD1B9F6B7F0004E4F2 /* Collection View Cells */,
			);
			name = Views;
			sourceTree = "<group>";
		};
		353D966F1B9DFC0900E4A618 /* Storyboards */ = {
			isa = PBXGroup;
			children = (
				353D964E1B9DF8B800E4A618 /* Main.storyboard */,
			);
			name = Storyboards;
			sourceTree = "<group>";
		};
		353D96701B9DFC1000E4A618 /* Launchers */ = {
			isa = PBXGroup;
			children = (
				353D96531B9DF8B900E4A618 /* LaunchScreen.xib */,
			);
			name = Launchers;
			sourceTree = "<group>";
		};
		353D96711B9DFC2D00E4A618 /* App Delegate */ = {
			isa = PBXGroup;
			children = (
				353D96451B9DF8B800E4A618 /* AppDelegate.h */,
				353D96461B9DF8B800E4A618 /* AppDelegate.m */,
			);
			name = "App Delegate";
			sourceTree = "<group>";
		};
		353D96721B9DFC3D00E4A618 /* App Core */ = {
			isa = PBXGroup;
			children = (
				352F77E41BA8DCBF0080B004 /* Web Connection */,
				353D96731B9DFC6A00E4A618 /* Domain Model */,
			);
			name = "App Core";
			sourceTree = "<group>";
		};
		353D96731B9DFC6A00E4A618 /* Domain Model */ = {
			isa = PBXGroup;
			children = (
				352F77E21BA8DC130080B004 /* Services */,
				353D96751B9DFC9D00E4A618 /* Entities */,
				353D96741B9DFC9100E4A618 /* Models */,
			);
			name = "Domain Model";
			sourceTree = "<group>";
		};
		353D96741B9DFC9100E4A618 /* Models */ = {
			isa = PBXGroup;
			children = (
				352F77D81BA8C6100080B004 /* Entities.h */,
				353D96481B9DF8B800E4A618 /* LARGruop.xcdatamodeld */,
			);
			name = Models;
			sourceTree = "<group>";
		};
		353D96751B9DFC9D00E4A618 /* Entities */ = {
			isa = PBXGroup;
			children = (
				763EF9921BA93CE7003D1E4F /* User.h */,
				763EF9931BA93CE7003D1E4F /* User.m */,
				352F77DF1BA8CD980080B004 /* Proyect.h */,
				352F77E01BA8CD980080B004 /* Proyect.m */,
				352F77DC1BA8C6950080B004 /* Outside.h */,
				352F77DD1BA8C6950080B004 /* Outside.m */,
				352F77D91BA8C6940080B004 /* MarketRates.h */,
				352F77DA1BA8C6940080B004 /* MarketRates.m */,
				352F77D21BA8C5DF0080B004 /* ProyectFeature.h */,
				352F77D31BA8C5DF0080B004 /* ProyectFeature.m */,
				352F77CF1BA8C5600080B004 /* Flat.h */,
				352F77D01BA8C5600080B004 /* Flat.m */,
				352F77C91BA8C5600080B004 /* Customer.h */,
				352F77CA1BA8C5600080B004 /* Customer.m */,
				352F77C01BA8C5600080B004 /* Entity.h */,
				352F77C11BA8C5600080B004 /* Entity.m */,
			);
			name = Entities;
			sourceTree = "<group>";
		};
		353D96761B9DFCA500E4A618 /* Categories */ = {
			isa = PBXGroup;
			children = (
				353D96841B9E1ADF00E4A618 /* UICategories */,
				353D96831B9E1AB700E4A618 /* NSCategories */,
				353D96881B9E1C1300E4A618 /* ExtendedCategories.h */,
			);
			name = Categories;
			sourceTree = "<group>";
		};
		353D96771B9DFCC000E4A618 /* Infraestructure */ = {
			isa = PBXGroup;
			children = (
				353335A01BA219B4006EE4FC /* Libraries */,
				353D96791B9DFCCE00E4A618 /* Factories */,
				353D96781B9DFCC800E4A618 /* Helpers */,
			);
			name = Infraestructure;
			sourceTree = "<group>";
		};
		353D96781B9DFCC800E4A618 /* Helpers */ = {
			isa = PBXGroup;
			children = (
				353D96761B9DFCA500E4A618 /* Categories */,
				353D967A1B9DFCD700E4A618 /* Macros */,
			);
			name = Helpers;
			sourceTree = "<group>";
		};
		353D96791B9DFCCE00E4A618 /* Factories */ = {
			isa = PBXGroup;
			children = (
			);
			name = Factories;
			sourceTree = "<group>";
		};
		353D967A1B9DFCD700E4A618 /* Macros */ = {
			isa = PBXGroup;
			children = (
				352FA64A1BA0C20B00FEC040 /* ApplicationConstants.h */,
				352FA64B1BA0C21D00FEC040 /* NotificationConstants.h */,
				352FA64C1BA0C22A00FEC040 /* ErrorConstants.h */,
			);
			name = Macros;
			sourceTree = "<group>";
		};
		353D967B1B9E152400E4A618 /* Init */ = {
			isa = PBXGroup;
			children = (
				353D96801B9E157A00E4A618 /* InitViewController.h */,
				353D96811B9E157A00E4A618 /* InitViewController.m */,
			);
			name = Init;
			sourceTree = "<group>";
		};
		353D967C1B9E153000E4A618 /* Base */ = {
			isa = PBXGroup;
			children = (
				353D967D1B9E154A00E4A618 /* BaseViewController.h */,
				353D967E1B9E154A00E4A618 /* BaseViewController.m */,
			);
			name = Base;
			sourceTree = "<group>";
		};
		353D96831B9E1AB700E4A618 /* NSCategories */ = {
			isa = PBXGroup;
			children = (
			);
			name = NSCategories;
			sourceTree = "<group>";
		};
		353D96841B9E1ADF00E4A618 /* UICategories */ = {
			isa = PBXGroup;
			children = (
				353E64FA1B9F4FD50004E4F2 /* UIColor+ExtendedMethods.h */,
				353E64FB1B9F4FD50004E4F2 /* UIColor+ExtendedMethods.m */,
				353D96851B9E1B0100E4A618 /* UIButton+ExtendedMethods.h */,
				353D96861B9E1B0100E4A618 /* UIButton+ExtendedMethods.m */,
				353D968A1B9E1C2D00E4A618 /* UIExtendedCategories.h */,
				353D96901B9E2B1F00E4A618 /* UITextField+ExtendedMethods.h */,
				353D96911B9E2B1F00E4A618 /* UITextField+ExtendedMethods.m */,
			);
			name = UICategories;
			sourceTree = "<group>";
		};
		353D968C1B9E24E800E4A618 /* Login */ = {
			isa = PBXGroup;
			children = (
				353D968D1B9E24F800E4A618 /* LoginViewController.h */,
				353D968E1B9E24F900E4A618 /* LoginViewController.m */,
			);
			name = Login;
			sourceTree = "<group>";
		};
		353D96931B9E3ABF00E4A618 /* Forget */ = {
			isa = PBXGroup;
			children = (
				353D96941B9E3AD200E4A618 /* ForgetViewController.h */,
				353D96951B9E3AD200E4A618 /* ForgetViewController.m */,
			);
			name = Forget;
			sourceTree = "<group>";
		};
		353D96971B9E411C00E4A618 /* Segues */ = {
			isa = PBXGroup;
			children = (
			);
			name = Segues;
			sourceTree = "<group>";
		};
		353D969B1B9E4A7000E4A618 /* Home */ = {
			isa = PBXGroup;
			children = (
				353E64F31B9F4BCD0004E4F2 /* Proyects */,
				353E64F21B9F4BC40004E4F2 /* Map */,
				353D969C1B9E4B1500E4A618 /* HomeViewController.h */,
				353D969D1B9E4B1500E4A618 /* HomeViewController.m */,
			);
			name = Home;
			sourceTree = "<group>";
		};
		353E64EA1B9F46A60004E4F2 /* Customers */ = {
			isa = PBXGroup;
			children = (
				352F77AF1BA8722A0080B004 /* Customer Market Rate */,
				352F77AE1BA872200080B004 /* Customer Info */,
				352FA6861BA0CFE400FEC040 /* CustomerDetailViewController.h */,
				352FA6871BA0CFE400FEC040 /* CustomerDetailViewController.m */,
				352FA6891BA0CFF800FEC040 /* CustomerMasterViewController.h */,
				352FA68A1BA0CFF800FEC040 /* CustomerMasterViewController.m */,
				352FA68C1BA0DBCD00FEC040 /* CustomerContainerViewController.h */,
				352FA68D1BA0DBCD00FEC040 /* CustomerContainerViewController.m */,
			);
			name = Customers;
			sourceTree = "<group>";
		};
		353E64EE1B9F46CB0004E4F2 /* Profile */ = {
			isa = PBXGroup;
			children = (
				353E64EF1B9F46F40004E4F2 /* ProfileViewController.h */,
				353E64F01B9F46F40004E4F2 /* ProfileViewController.m */,
			);
			name = Profile;
			sourceTree = "<group>";
		};
		353E64F21B9F4BC40004E4F2 /* Map */ = {
			isa = PBXGroup;
			children = (
				353E64F71B9F4C470004E4F2 /* MapViewController.h */,
				353E64F81B9F4C470004E4F2 /* MapViewController.m */,
			);
			name = Map;
			sourceTree = "<group>";
		};
		353E64F31B9F4BCD0004E4F2 /* Proyects */ = {
			isa = PBXGroup;
			children = (
				353E64F41B9F4BE30004E4F2 /* ProyectsViewController.h */,
				353E64F51B9F4BE30004E4F2 /* ProyectsViewController.m */,
			);
			name = Proyects;
			sourceTree = "<group>";
		};
		353E64FD1B9F6B7F0004E4F2 /* Collection View Cells */ = {
			isa = PBXGroup;
			children = (
				353E64FE1B9F6B8D0004E4F2 /* Proyect Cell */,
			);
			name = "Collection View Cells";
			sourceTree = "<group>";
		};
		353E64FE1B9F6B8D0004E4F2 /* Proyect Cell */ = {
			isa = PBXGroup;
			children = (
				353E64FF1B9F6BB70004E4F2 /* ProyectCollectionViewCell.h */,
				353E65001B9F6BB70004E4F2 /* ProyectCollectionViewCell.m */,
			);
			name = "Proyect Cell";
			sourceTree = "<group>";
		};
		353E65021B9F727A0004E4F2 /* Top Bar */ = {
			isa = PBXGroup;
			children = (
				353E65031B9F729F0004E4F2 /* TopBarViewController.h */,
				353E65041B9F729F0004E4F2 /* TopBarViewController.m */,
			);
			name = "Top Bar";
			sourceTree = "<group>";
		};
		3851064E127162C714D9F4AA /* Frameworks */ = {
			isa = PBXGroup;
			children = (
				352FA6961BA0E59E00FEC040 /* QuartzCore.framework */,
				353E64E81B9F46700004E4F2 /* MapKit.framework */,
				05A7C4E77596FE6656D2AE0F /* libPods-LARGruop.a */,
			);
			name = Frameworks;
			sourceTree = "<group>";
		};
		763EF97D1BA9315E003D1E4F /* Client */ = {
			isa = PBXGroup;
			children = (
				763EF97A1BA93151003D1E4F /* ServiceClient.h */,
				763EF97B1BA93151003D1E4F /* ServiceClient.m */,
			);
			name = Client;
			sourceTree = "<group>";
		};
		763EF9871BA937F2003D1E4F /* Keychain */ = {
			isa = PBXGroup;
			children = (
				763EF9881BA9384E003D1E4F /* KeychainItemWrapper.h */,
				763EF9891BA9384E003D1E4F /* KeychainItemWrapper.m */,
			);
			name = Keychain;
			sourceTree = "<group>";
		};
		763EF98E1BA93C01003D1E4F /* Translators */ = {
			isa = PBXGroup;
			children = (
				763EF98F1BA93C29003D1E4F /* LoginTranslator.h */,
				763EF9901BA93C29003D1E4F /* LoginTranslator.m */,
			);
			name = Translators;
			sourceTree = "<group>";
		};
/* End PBXGroup section */

/* Begin PBXNativeTarget section */
		353D963D1B9DF8B800E4A618 /* LARGruop */ = {
			isa = PBXNativeTarget;
			buildConfigurationList = 353D96641B9DF8B900E4A618 /* Build configuration list for PBXNativeTarget "LARGruop" */;
			buildPhases = (
				D3D00BF5994FB8715F484E47 /* Check Pods Manifest.lock */,
				353D963A1B9DF8B800E4A618 /* Sources */,
				353D963B1B9DF8B800E4A618 /* Frameworks */,
				353D963C1B9DF8B800E4A618 /* Resources */,
				EE1B4D1534C0C3BB3691006E /* Copy Pods Resources */,
			);
			buildRules = (
			);
			dependencies = (
			);
			name = LARGruop;
			productName = LARGruop;
			productReference = 353D963E1B9DF8B800E4A618 /* LARGruop.app */;
			productType = "com.apple.product-type.application";
		};
		353D96591B9DF8B900E4A618 /* LARGruopTests */ = {
			isa = PBXNativeTarget;
			buildConfigurationList = 353D96671B9DF8B900E4A618 /* Build configuration list for PBXNativeTarget "LARGruopTests" */;
			buildPhases = (
				353D96561B9DF8B900E4A618 /* Sources */,
				353D96571B9DF8B900E4A618 /* Frameworks */,
				353D96581B9DF8B900E4A618 /* Resources */,
			);
			buildRules = (
			);
			dependencies = (
				353D965C1B9DF8B900E4A618 /* PBXTargetDependency */,
			);
			name = LARGruopTests;
			productName = LARGruopTests;
			productReference = 353D965A1B9DF8B900E4A618 /* LARGruopTests.xctest */;
			productType = "com.apple.product-type.bundle.unit-test";
		};
/* End PBXNativeTarget section */

/* Begin PBXProject section */
		353D96361B9DF8B800E4A618 /* Project object */ = {
			isa = PBXProject;
			attributes = {
				LastUpgradeCheck = 0630;
				ORGANIZATIONNAME = prsp.org;
				TargetAttributes = {
					353D963D1B9DF8B800E4A618 = {
						CreatedOnToolsVersion = 6.3.1;
						DevelopmentTeam = GGA47A9M92;
					};
					353D96591B9DF8B900E4A618 = {
						CreatedOnToolsVersion = 6.3.1;
						TestTargetID = 353D963D1B9DF8B800E4A618;
					};
				};
			};
			buildConfigurationList = 353D96391B9DF8B800E4A618 /* Build configuration list for PBXProject "LARGruop" */;
			compatibilityVersion = "Xcode 3.2";
			developmentRegion = English;
			hasScannedForEncodings = 0;
			knownRegions = (
				en,
				Base,
			);
			mainGroup = 353D96351B9DF8B800E4A618;
			productRefGroup = 353D963F1B9DF8B800E4A618 /* Products */;
			projectDirPath = "";
			projectRoot = "";
			targets = (
				353D963D1B9DF8B800E4A618 /* LARGruop */,
				353D96591B9DF8B900E4A618 /* LARGruopTests */,
			);
		};
/* End PBXProject section */

/* Begin PBXResourcesBuildPhase section */
		353D963C1B9DF8B800E4A618 /* Resources */ = {
			isa = PBXResourcesBuildPhase;
			buildActionMask = 2147483647;
			files = (
				353D96501B9DF8B800E4A618 /* Main.storyboard in Resources */,
				352FA64F1BA0C25700FEC040 /* UIElements.strings in Resources */,
				353D96551B9DF8B900E4A618 /* LaunchScreen.xib in Resources */,
				353D96521B9DF8B900E4A618 /* Images.xcassets in Resources */,
				352F77BC1BA8B3010080B004 /* ProyectAnnotationView.xib in Resources */,
			);
			runOnlyForDeploymentPostprocessing = 0;
		};
		353D96581B9DF8B900E4A618 /* Resources */ = {
			isa = PBXResourcesBuildPhase;
			buildActionMask = 2147483647;
			files = (
			);
			runOnlyForDeploymentPostprocessing = 0;
		};
/* End PBXResourcesBuildPhase section */

/* Begin PBXShellScriptBuildPhase section */
		D3D00BF5994FB8715F484E47 /* Check Pods Manifest.lock */ = {
			isa = PBXShellScriptBuildPhase;
			buildActionMask = 2147483647;
			files = (
			);
			inputPaths = (
			);
			name = "Check Pods Manifest.lock";
			outputPaths = (
			);
			runOnlyForDeploymentPostprocessing = 0;
			shellPath = /bin/sh;
			shellScript = "diff \"${PODS_ROOT}/../Podfile.lock\" \"${PODS_ROOT}/Manifest.lock\" > /dev/null\nif [[ $? != 0 ]] ; then\n    cat << EOM\nerror: The sandbox is not in sync with the Podfile.lock. Run 'pod install' or update your CocoaPods installation.\nEOM\n    exit 1\nfi\n";
			showEnvVarsInLog = 0;
		};
		EE1B4D1534C0C3BB3691006E /* Copy Pods Resources */ = {
			isa = PBXShellScriptBuildPhase;
			buildActionMask = 2147483647;
			files = (
			);
			inputPaths = (
			);
			name = "Copy Pods Resources";
			outputPaths = (
			);
			runOnlyForDeploymentPostprocessing = 0;
			shellPath = /bin/sh;
			shellScript = "\"${SRCROOT}/Pods/Target Support Files/Pods-LARGruop/Pods-LARGruop-resources.sh\"\n";
			showEnvVarsInLog = 0;
		};
/* End PBXShellScriptBuildPhase section */

/* Begin PBXSourcesBuildPhase section */
		353D963A1B9DF8B800E4A618 /* Sources */ = {
			isa = PBXSourcesBuildPhase;
			buildActionMask = 2147483647;
			files = (
				352F77C21BA8C5600080B004 /* Entity.m in Sources */,
				352FA6491BA09AF900FEC040 /* NewCustomerTableViewCell.m in Sources */,
				353D964A1B9DF8B800E4A618 /* LARGruop.xcdatamodeld in Sources */,
				353D967F1B9E154A00E4A618 /* BaseViewController.m in Sources */,
				353D96821B9E157A00E4A618 /* InitViewController.m in Sources */,
				353E65051B9F729F0004E4F2 /* TopBarViewController.m in Sources */,
				352F77B51BA872A80080B004 /* CustomerMarketRateViewController.m in Sources */,
				353E65011B9F6BB70004E4F2 /* ProyectCollectionViewCell.m in Sources */,
				763EF9941BA93CE7003D1E4F /* User.m in Sources */,
				763EF9801BA9344B003D1E4F /* LoginService.m in Sources */,
				352FA68B1BA0CFF800FEC040 /* CustomerMasterViewController.m in Sources */,
				352FA6881BA0CFE400FEC040 /* CustomerDetailViewController.m in Sources */,
				763EF9911BA93C29003D1E4F /* LoginTranslator.m in Sources */,
				352F77BA1BA8AECE0080B004 /* ProyectAnnotationView.m in Sources */,
				352F77DB1BA8C6940080B004 /* MarketRates.m in Sources */,
				353D969E1B9E4B1500E4A618 /* HomeViewController.m in Sources */,
				352F77E91BA8DD1D0080B004 /* GenericService.m in Sources */,
				353D96871B9E1B0100E4A618 /* UIButton+ExtendedMethods.m in Sources */,
				353D968F1B9E24F900E4A618 /* LoginViewController.m in Sources */,
				352FA68E1BA0DBCD00FEC040 /* CustomerContainerViewController.m in Sources */,
				353D96471B9DF8B800E4A618 /* AppDelegate.m in Sources */,
				352F77DE1BA8C6950080B004 /* Outside.m in Sources */,
				353D96441B9DF8B800E4A618 /* main.m in Sources */,
				352FA6921BA0E3E000FEC040 /* FilterViewController.m in Sources */,
				353E64F61B9F4BE30004E4F2 /* ProyectsViewController.m in Sources */,
				763EF98D1BA93933003D1E4F /* LoginConnectionManager.m in Sources */,
				763EF97C1BA93151003D1E4F /* ServiceClient.m in Sources */,
				353D96961B9E3AD200E4A618 /* ForgetViewController.m in Sources */,
				763EF9731BA91688003D1E4F /* GenericConnectionManager.m in Sources */,
				352F77D11BA8C5600080B004 /* Flat.m in Sources */,
				763EF98A1BA9384E003D1E4F /* KeychainItemWrapper.m in Sources */,
				353E64F11B9F46F40004E4F2 /* ProfileViewController.m in Sources */,
				352F77E11BA8CD980080B004 /* Proyect.m in Sources */,
				352F77CB1BA8C5600080B004 /* Customer.m in Sources */,
				353D96921B9E2B1F00E4A618 /* UITextField+ExtendedMethods.m in Sources */,
				353E64F91B9F4C470004E4F2 /* MapViewController.m in Sources */,
				353E64FC1B9F4FD50004E4F2 /* UIColor+ExtendedMethods.m in Sources */,
				353335A41BA21A32006EE4FC /* NMRangeSlider.m in Sources */,
				352F77D41BA8C5DF0080B004 /* ProyectFeature.m in Sources */,
				352F77B21BA872910080B004 /* CustomerInfoViewController.m in Sources */,
				352FA6411BA07A3B00FEC040 /* NewCustomerViewController.m in Sources */,
			);
			runOnlyForDeploymentPostprocessing = 0;
		};
		353D96561B9DF8B900E4A618 /* Sources */ = {
			isa = PBXSourcesBuildPhase;
			buildActionMask = 2147483647;
			files = (
				353D96611B9DF8B900E4A618 /* LARGruopTests.m in Sources */,
			);
			runOnlyForDeploymentPostprocessing = 0;
		};
/* End PBXSourcesBuildPhase section */

/* Begin PBXTargetDependency section */
		353D965C1B9DF8B900E4A618 /* PBXTargetDependency */ = {
			isa = PBXTargetDependency;
			target = 353D963D1B9DF8B800E4A618 /* LARGruop */;
			targetProxy = 353D965B1B9DF8B900E4A618 /* PBXContainerItemProxy */;
		};
/* End PBXTargetDependency section */

/* Begin PBXVariantGroup section */
		353D964E1B9DF8B800E4A618 /* Main.storyboard */ = {
			isa = PBXVariantGroup;
			children = (
				353D964F1B9DF8B800E4A618 /* Base */,
			);
			name = Main.storyboard;
			sourceTree = "<group>";
		};
		353D96531B9DF8B900E4A618 /* LaunchScreen.xib */ = {
			isa = PBXVariantGroup;
			children = (
				353D96541B9DF8B900E4A618 /* Base */,
			);
			name = LaunchScreen.xib;
			sourceTree = "<group>";
		};
/* End PBXVariantGroup section */

/* Begin XCBuildConfiguration section */
		353D96621B9DF8B900E4A618 /* Debug */ = {
			isa = XCBuildConfiguration;
			buildSettings = {
				ALWAYS_SEARCH_USER_PATHS = NO;
				CLANG_CXX_LANGUAGE_STANDARD = "gnu++0x";
				CLANG_CXX_LIBRARY = "libc++";
				CLANG_ENABLE_MODULES = YES;
				CLANG_ENABLE_OBJC_ARC = YES;
				CLANG_WARN_BOOL_CONVERSION = YES;
				CLANG_WARN_CONSTANT_CONVERSION = YES;
				CLANG_WARN_DIRECT_OBJC_ISA_USAGE = YES_ERROR;
				CLANG_WARN_EMPTY_BODY = YES;
				CLANG_WARN_ENUM_CONVERSION = YES;
				CLANG_WARN_INT_CONVERSION = YES;
				CLANG_WARN_OBJC_ROOT_CLASS = YES_ERROR;
				CLANG_WARN_UNREACHABLE_CODE = YES;
				CLANG_WARN__DUPLICATE_METHOD_MATCH = YES;
				"CODE_SIGN_IDENTITY[sdk=iphoneos*]" = "iPhone Developer";
				COPY_PHASE_STRIP = NO;
				DEBUG_INFORMATION_FORMAT = "dwarf-with-dsym";
				ENABLE_STRICT_OBJC_MSGSEND = YES;
				GCC_C_LANGUAGE_STANDARD = gnu99;
				GCC_DYNAMIC_NO_PIC = NO;
				GCC_NO_COMMON_BLOCKS = YES;
				GCC_OPTIMIZATION_LEVEL = 0;
				GCC_PREPROCESSOR_DEFINITIONS = (
					"DEBUG=1",
					"$(inherited)",
				);
				GCC_SYMBOLS_PRIVATE_EXTERN = NO;
				GCC_WARN_64_TO_32_BIT_CONVERSION = YES;
				GCC_WARN_ABOUT_RETURN_TYPE = YES_ERROR;
				GCC_WARN_UNDECLARED_SELECTOR = YES;
				GCC_WARN_UNINITIALIZED_AUTOS = YES_AGGRESSIVE;
				GCC_WARN_UNUSED_FUNCTION = YES;
				GCC_WARN_UNUSED_VARIABLE = YES;
				IPHONEOS_DEPLOYMENT_TARGET = 8.3;
				MTL_ENABLE_DEBUG_INFO = YES;
				ONLY_ACTIVE_ARCH = YES;
				SDKROOT = iphoneos;
				TARGETED_DEVICE_FAMILY = 2;
			};
			name = Debug;
		};
		353D96631B9DF8B900E4A618 /* Release */ = {
			isa = XCBuildConfiguration;
			buildSettings = {
				ALWAYS_SEARCH_USER_PATHS = NO;
				CLANG_CXX_LANGUAGE_STANDARD = "gnu++0x";
				CLANG_CXX_LIBRARY = "libc++";
				CLANG_ENABLE_MODULES = YES;
				CLANG_ENABLE_OBJC_ARC = YES;
				CLANG_WARN_BOOL_CONVERSION = YES;
				CLANG_WARN_CONSTANT_CONVERSION = YES;
				CLANG_WARN_DIRECT_OBJC_ISA_USAGE = YES_ERROR;
				CLANG_WARN_EMPTY_BODY = YES;
				CLANG_WARN_ENUM_CONVERSION = YES;
				CLANG_WARN_INT_CONVERSION = YES;
				CLANG_WARN_OBJC_ROOT_CLASS = YES_ERROR;
				CLANG_WARN_UNREACHABLE_CODE = YES;
				CLANG_WARN__DUPLICATE_METHOD_MATCH = YES;
				"CODE_SIGN_IDENTITY[sdk=iphoneos*]" = "iPhone Developer";
				COPY_PHASE_STRIP = NO;
				DEBUG_INFORMATION_FORMAT = "dwarf-with-dsym";
				ENABLE_NS_ASSERTIONS = NO;
				ENABLE_STRICT_OBJC_MSGSEND = YES;
				GCC_C_LANGUAGE_STANDARD = gnu99;
				GCC_NO_COMMON_BLOCKS = YES;
				GCC_WARN_64_TO_32_BIT_CONVERSION = YES;
				GCC_WARN_ABOUT_RETURN_TYPE = YES_ERROR;
				GCC_WARN_UNDECLARED_SELECTOR = YES;
				GCC_WARN_UNINITIALIZED_AUTOS = YES_AGGRESSIVE;
				GCC_WARN_UNUSED_FUNCTION = YES;
				GCC_WARN_UNUSED_VARIABLE = YES;
				IPHONEOS_DEPLOYMENT_TARGET = 8.3;
				MTL_ENABLE_DEBUG_INFO = NO;
				SDKROOT = iphoneos;
				TARGETED_DEVICE_FAMILY = 2;
				VALIDATE_PRODUCT = YES;
			};
			name = Release;
		};
		353D96651B9DF8B900E4A618 /* Debug */ = {
			isa = XCBuildConfiguration;
			baseConfigurationReference = CF64EA82B3B8C40FB8298D3F /* Pods-LARGruop.debug.xcconfig */;
			buildSettings = {
				ASSETCATALOG_COMPILER_APPICON_NAME = AppIcon;
				CODE_SIGN_IDENTITY = "iPhone Developer";
				INFOPLIST_FILE = LARGruop/Info.plist;
				LD_RUNPATH_SEARCH_PATHS = "$(inherited) @executable_path/Frameworks";
				PRODUCT_NAME = "$(TARGET_NAME)";
				TARGETED_DEVICE_FAMILY = 2;
			};
			name = Debug;
		};
		353D96661B9DF8B900E4A618 /* Release */ = {
			isa = XCBuildConfiguration;
			baseConfigurationReference = CD31549C272CA3C4F1194907 /* Pods-LARGruop.release.xcconfig */;
			buildSettings = {
				ASSETCATALOG_COMPILER_APPICON_NAME = AppIcon;
				CODE_SIGN_IDENTITY = "iPhone Developer";
				INFOPLIST_FILE = LARGruop/Info.plist;
				LD_RUNPATH_SEARCH_PATHS = "$(inherited) @executable_path/Frameworks";
				PRODUCT_NAME = "$(TARGET_NAME)";
				TARGETED_DEVICE_FAMILY = 2;
			};
			name = Release;
		};
		353D96681B9DF8B900E4A618 /* Debug */ = {
			isa = XCBuildConfiguration;
			buildSettings = {
				BUNDLE_LOADER = "$(TEST_HOST)";
				FRAMEWORK_SEARCH_PATHS = (
					"$(SDKROOT)/Developer/Library/Frameworks",
					"$(inherited)",
				);
				GCC_PREPROCESSOR_DEFINITIONS = (
					"DEBUG=1",
					"$(inherited)",
				);
				INFOPLIST_FILE = LARGruopTests/Info.plist;
				LD_RUNPATH_SEARCH_PATHS = "$(inherited) @executable_path/Frameworks @loader_path/Frameworks";
				PRODUCT_NAME = "$(TARGET_NAME)";
				TEST_HOST = "$(BUILT_PRODUCTS_DIR)/LARGruop.app/LARGruop";
			};
			name = Debug;
		};
		353D96691B9DF8B900E4A618 /* Release */ = {
			isa = XCBuildConfiguration;
			buildSettings = {
				BUNDLE_LOADER = "$(TEST_HOST)";
				FRAMEWORK_SEARCH_PATHS = (
					"$(SDKROOT)/Developer/Library/Frameworks",
					"$(inherited)",
				);
				INFOPLIST_FILE = LARGruopTests/Info.plist;
				LD_RUNPATH_SEARCH_PATHS = "$(inherited) @executable_path/Frameworks @loader_path/Frameworks";
				PRODUCT_NAME = "$(TARGET_NAME)";
				TEST_HOST = "$(BUILT_PRODUCTS_DIR)/LARGruop.app/LARGruop";
			};
			name = Release;
		};
/* End XCBuildConfiguration section */

/* Begin XCConfigurationList section */
		353D96391B9DF8B800E4A618 /* Build configuration list for PBXProject "LARGruop" */ = {
			isa = XCConfigurationList;
			buildConfigurations = (
				353D96621B9DF8B900E4A618 /* Debug */,
				353D96631B9DF8B900E4A618 /* Release */,
			);
			defaultConfigurationIsVisible = 0;
			defaultConfigurationName = Release;
		};
		353D96641B9DF8B900E4A618 /* Build configuration list for PBXNativeTarget "LARGruop" */ = {
			isa = XCConfigurationList;
			buildConfigurations = (
				353D96651B9DF8B900E4A618 /* Debug */,
				353D96661B9DF8B900E4A618 /* Release */,
			);
			defaultConfigurationIsVisible = 0;
			defaultConfigurationName = Release;
		};
		353D96671B9DF8B900E4A618 /* Build configuration list for PBXNativeTarget "LARGruopTests" */ = {
			isa = XCConfigurationList;
			buildConfigurations = (
				353D96681B9DF8B900E4A618 /* Debug */,
				353D96691B9DF8B900E4A618 /* Release */,
			);
			defaultConfigurationIsVisible = 0;
			defaultConfigurationName = Release;
		};
/* End XCConfigurationList section */

/* Begin XCVersionGroup section */
		353D96481B9DF8B800E4A618 /* LARGruop.xcdatamodeld */ = {
			isa = XCVersionGroup;
			children = (
				353D96491B9DF8B800E4A618 /* LARGruop.xcdatamodel */,
			);
			currentVersion = 353D96491B9DF8B800E4A618 /* LARGruop.xcdatamodel */;
			path = LARGruop.xcdatamodeld;
			sourceTree = "<group>";
			versionGroupType = wrapper.xcdatamodel;
		};
/* End XCVersionGroup section */
	};
	rootObject = 353D96361B9DF8B800E4A618 /* Project object */;
}
